
Microsoft Visual Studio Solution File, Format Version 12.00
# Visual Studio Version 17
VisualStudioVersion = 17.6.33829.357
MinimumVisualStudioVersion = 10.0.40219.1
Project("{2150E333-8FDC-42A3-9474-1A3956D46DE8}") = "Infraestructure", "Infraestructure", "{1054F4DF-4685-4CAA-B730-1231DDA9CF42}"
EndProject
Project("{2150E333-8FDC-42A3-9474-1A3956D46DE8}") = "Application", "Application", "{A0F6491C-9869-455D-887E-3103087DDD50}"
EndProject
Project("{2150E333-8FDC-42A3-9474-1A3956D46DE8}") = "Domain", "Domain", "{50C0F6A2-E9F8-40C0-9DDF-934879E02F24}"
EndProject
Project("{9A19103F-16F7-4668-BE54-9A1E7A4F7556}") = "RealEstate.Domain", "RealEstate.Domain\RealEstate.Domain.csproj", "{D4079EF2-3E3B-4CDD-81F2-D001FC6F2680}"
EndProject
Project("{9A19103F-16F7-4668-BE54-9A1E7A4F7556}") = "RealEstate.DataAccess", "RealEstate.DataAccess\RealEstate.DataAccess.csproj", "{65D5CE39-6698-4786-BCC3-C80B4F84AF50}"
EndProject
Project("{9A19103F-16F7-4668-BE54-9A1E7A4F7556}") = "RealEstate.Application", "RealEstate.Application\RealEstate.Application.csproj", "{B847964C-8A03-4B16-A9F9-685203EE6644}"
EndProject
Project("{9A19103F-16F7-4668-BE54-9A1E7A4F7556}") = "RealEstate.Api", "RealEstate.Api\RealEstate.Api.csproj", "{F8E82AD6-F885-4FE0-9DFD-D7FFB5C2DF5B}"
EndProject
Project("{FAE04EC0-301F-11D3-BF4B-00C04F79EFBC}") = "RealEstate.Services", "RealEstate.Services\RealEstate.Services.csproj", "{B00C7F30-763F-4ADC-8183-0CC46B6169AB}"
EndProject
Global
	GlobalSection(SolutionConfigurationPlatforms) = preSolution
		Debug|Any CPU = Debug|Any CPU
		Release|Any CPU = Release|Any CPU
	EndGlobalSection
	GlobalSection(ProjectConfigurationPlatforms) = postSolution
		{D4079EF2-3E3B-4CDD-81F2-D001FC6F2680}.Debug|Any CPU.ActiveCfg = Debug|Any CPU
		{D4079EF2-3E3B-4CDD-81F2-D001FC6F2680}.Debug|Any CPU.Build.0 = Debug|Any CPU
		{D4079EF2-3E3B-4CDD-81F2-D001FC6F2680}.Release|Any CPU.ActiveCfg = Release|Any CPU
		{D4079EF2-3E3B-4CDD-81F2-D001FC6F2680}.Release|Any CPU.Build.0 = Release|Any CPU
		{65D5CE39-6698-4786-BCC3-C80B4F84AF50}.Debug|Any CPU.ActiveCfg = Debug|Any CPU
		{65D5CE39-6698-4786-BCC3-C80B4F84AF50}.Debug|Any CPU.Build.0 = Debug|Any CPU
		{65D5CE39-6698-4786-BCC3-C80B4F84AF50}.Release|Any CPU.ActiveCfg = Release|Any CPU
		{65D5CE39-6698-4786-BCC3-C80B4F84AF50}.Release|Any CPU.Build.0 = Release|Any CPU
		{B847964C-8A03-4B16-A9F9-685203EE6644}.Debug|Any CPU.ActiveCfg = Debug|Any CPU
		{B847964C-8A03-4B16-A9F9-685203EE6644}.Debug|Any CPU.Build.0 = Debug|Any CPU
		{B847964C-8A03-4B16-A9F9-685203EE6644}.Release|Any CPU.ActiveCfg = Release|Any CPU
		{B847964C-8A03-4B16-A9F9-685203EE6644}.Release|Any CPU.Build.0 = Release|Any CPU
		{F8E82AD6-F885-4FE0-9DFD-D7FFB5C2DF5B}.Debug|Any CPU.ActiveCfg = Debug|Any CPU
		{F8E82AD6-F885-4FE0-9DFD-D7FFB5C2DF5B}.Debug|Any CPU.Build.0 = Debug|Any CPU
		{F8E82AD6-F885-4FE0-9DFD-D7FFB5C2DF5B}.Release|Any CPU.ActiveCfg = Release|Any CPU
		{F8E82AD6-F885-4FE0-9DFD-D7FFB5C2DF5B}.Release|Any CPU.Build.0 = Release|Any CPU
		{B00C7F30-763F-4ADC-8183-0CC46B6169AB}.Debug|Any CPU.ActiveCfg = Debug|Any CPU
		{B00C7F30-763F-4ADC-8183-0CC46B6169AB}.Debug|Any CPU.Build.0 = Debug|Any CPU
		{B00C7F30-763F-4ADC-8183-0CC46B6169AB}.Release|Any CPU.ActiveCfg = Release|Any CPU
		{B00C7F30-763F-4ADC-8183-0CC46B6169AB}.Release|Any CPU.Build.0 = Release|Any CPU
	EndGlobalSection
	GlobalSection(SolutionProperties) = preSolution
		HideSolutionNode = FALSE
	EndGlobalSection
	GlobalSection(NestedProjects) = preSolution
		{D4079EF2-3E3B-4CDD-81F2-D001FC6F2680} = {50C0F6A2-E9F8-40C0-9DDF-934879E02F24}
		{65D5CE39-6698-4786-BCC3-C80B4F84AF50} = {1054F4DF-4685-4CAA-B730-1231DDA9CF42}
		{B847964C-8A03-4B16-A9F9-685203EE6644} = {A0F6491C-9869-455D-887E-3103087DDD50}
		{F8E82AD6-F885-4FE0-9DFD-D7FFB5C2DF5B} = {1054F4DF-4685-4CAA-B730-1231DDA9CF42}
		{B00C7F30-763F-4ADC-8183-0CC46B6169AB} = {1054F4DF-4685-4CAA-B730-1231DDA9CF42}
	EndGlobalSection
	GlobalSection(ExtensibilityGlobals) = postSolution
		SolutionGuid = {A3078F5F-0C16-468F-A589-E2F5B9CEBDF8}
	EndGlobalSection
EndGlobal
